
Microsoft Visual Studio Solution File, Format Version 12.00
# Visual Studio Version 16
VisualStudioVersion = 16.0.32106.194
MinimumVisualStudioVersion = 10.0.40219.1
Project("{FAE04EC0-301F-11D3-BF4B-00C04F79EFBC}") = "Product Review Management Using LINQ", "Product Review Management Using LINQ\Product Review Management Using LINQ.csproj", "{4E647D60-101B-4E3A-AE3F-8E0C021C86DF}"
EndProject
Global
	GlobalSection(SolutionConfigurationPlatforms) = preSolution
		Debug|Any CPU = Debug|Any CPU
		Release|Any CPU = Release|Any CPU
	EndGlobalSection
	GlobalSection(ProjectConfigurationPlatforms) = postSolution
		{4E647D60-101B-4E3A-AE3F-8E0C021C86DF}.Debug|Any CPU.ActiveCfg = Debug|Any CPU
		{4E647D60-101B-4E3A-AE3F-8E0C021C86DF}.Debug|Any CPU.Build.0 = Debug|Any CPU
		{4E647D60-101B-4E3A-AE3F-8E0C021C86DF}.Release|Any CPU.ActiveCfg = Release|Any CPU
		{4E647D60-101B-4E3A-AE3F-8E0C021C86DF}.Release|Any CPU.Build.0 = Release|Any CPU
	EndGlobalSection
	GlobalSection(SolutionProperties) = preSolution
		HideSolutionNode = FALSE
	EndGlobalSection
	GlobalSection(ExtensibilityGlobals) = postSolution
		SolutionGuid = {F822B804-927D-465D-B45E-321435B1586B}
	EndGlobalSection
EndGlobal
